
Microsoft Visual Studio Solution File, Format Version 12.00
Project("{FAE04EC0-301F-11D3-BF4B-00C04F79EFBC}") = "Poe", "Poe.csproj", "{2961B0D8-2B9A-4465-B18A-8A3EB13E26D7}"
EndProject
Global
	GlobalSection(SolutionConfigurationPlatforms) = preSolution
		Debug|Any CPU = Debug|Any CPU
		Release|Any CPU = Release|Any CPU
	EndGlobalSection
	GlobalSection(ProjectConfigurationPlatforms) = postSolution
		{2961B0D8-2B9A-4465-B18A-8A3EB13E26D7}.Debug|Any CPU.ActiveCfg = Debug|Any CPU
		{2961B0D8-2B9A-4465-B18A-8A3EB13E26D7}.Debug|Any CPU.Build.0 = Debug|Any CPU
		{2961B0D8-2B9A-4465-B18A-8A3EB13E26D7}.Release|Any CPU.ActiveCfg = Release|Any CPU
		{2961B0D8-2B9A-4465-B18A-8A3EB13E26D7}.Release|Any CPU.Build.0 = Release|Any CPU
	EndGlobalSection
EndGlobal
